
Microsoft Visual Studio Solution File, Format Version 12.00
# Visual Studio Version 17
VisualStudioVersion = 17.13.35825.156 d17.13
MinimumVisualStudioVersion = 10.0.40219.1
Project("{FAE04EC0-301F-11D3-BF4B-00C04F79EFBC}") = "ChatApi", "ChatApi.csproj", "{D2E248AF-C77B-44F8-90FE-B2CBDFE192C3}"
EndProject
Global
	GlobalSection(SolutionConfigurationPlatforms) = preSolution
		Debug|Any CPU = Debug|Any CPU
		Release|Any CPU = Release|Any CPU
	EndGlobalSection
	GlobalSection(ProjectConfigurationPlatforms) = postSolution
		{D2E248AF-C77B-44F8-90FE-B2CBDFE192C3}.Debug|Any CPU.ActiveCfg = Debug|Any CPU
		{D2E248AF-C77B-44F8-90FE-B2CBDFE192C3}.Debug|Any CPU.Build.0 = Debug|Any CPU
		{D2E248AF-C77B-44F8-90FE-B2CBDFE192C3}.Release|Any CPU.ActiveCfg = Release|Any CPU
		{D2E248AF-C77B-44F8-90FE-B2CBDFE192C3}.Release|Any CPU.Build.0 = Release|Any CPU
	EndGlobalSection
	GlobalSection(SolutionProperties) = preSolution
		HideSolutionNode = FALSE
	EndGlobalSection
	GlobalSection(ExtensibilityGlobals) = postSolution
		SolutionGuid = {C5FFB44C-47D8-403D-A96F-15D00CE8776B}
	EndGlobalSection
EndGlobal
